// !$*UTF8*$!
{
	archiveVersion = 1;
	classes = {
	};
	objectVersion = 46;
	objects = {

/* Begin PBXBuildFile section */
		D07214231C0EF0E7009E0DEA /* AppDelegate.swift in Sources */ = {isa = PBXBuildFile; fileRef = D07214221C0EF0E7009E0DEA /* AppDelegate.swift */; };
		D07214251C0EF0E7009E0DEA /* ViewController.swift in Sources */ = {isa = PBXBuildFile; fileRef = D07214241C0EF0E7009E0DEA /* ViewController.swift */; };
		D07214281C0EF0E7009E0DEA /* Main.storyboard in Resources */ = {isa = PBXBuildFile; fileRef = D07214261C0EF0E7009E0DEA /* Main.storyboard */; };
		D072142A1C0EF0E7009E0DEA /* Assets.xcassets in Resources */ = {isa = PBXBuildFile; fileRef = D07214291C0EF0E7009E0DEA /* Assets.xcassets */; };
		D072142D1C0EF0E7009E0DEA /* LaunchScreen.storyboard in Resources */ = {isa = PBXBuildFile; fileRef = D072142B1C0EF0E7009E0DEA /* LaunchScreen.storyboard */; };
/* End PBXBuildFile section */

/* Begin PBXFileReference section */
		D072141F1C0EF0E7009E0DEA /* demo.app */ = {isa = PBXFileReference; explicitFileType = wrapper.application; includeInIndex = 0; path = demo.app; sourceTree = BUILT_PRODUCTS_DIR; };
		D07214221C0EF0E7009E0DEA /* AppDelegate.swift */ = {isa = PBXFileReference; lastKnownFileType = sourcecode.swift; path = AppDelegate.swift; sourceTree = "<group>"; };
		D07214241C0EF0E7009E0DEA /* ViewController.swift */ = {isa = PBXFileReference; lastKnownFileType = sourcecode.swift; path = ViewController.swift; sourceTree = "<group>"; };
		D07214271C0EF0E7009E0DEA /* Base */ = {isa = PBXFileReference; lastKnownFileType = file.storyboard; name = Base; path = Base.lproj/Main.storyboard; sourceTree = "<group>"; };
		D07214291C0EF0E7009E0DEA /* Assets.xcassets */ = {isa = PBXFileReference; lastKnownFileType = folder.assetcatalog; path = Assets.xcassets; sourceTree = "<group>"; };
		D072142C1C0EF0E7009E0DEA /* Base */ = {isa = PBXFileReference; lastKnownFileType = file.storyboard; name = Base; path = Base.lproj/LaunchScreen.storyboard; sourceTree = "<group>"; };
		D072142E1C0EF0E7009E0DEA /* Info.plist */ = {isa = PBXFileReference; lastKnownFileType = text.plist.xml; path = Info.plist; sourceTree = "<group>"; };
/* End PBXFileReference section */

/* Begin PBXFrameworksBuildPhase section */
		D072141C1C0EF0E7009E0DEA /* Frameworks */ = {
			isa = PBXFrameworksBuildPhase;
			buildActionMask = 2147483647;
			files = (
			);
			runOnlyForDeploymentPostprocessing = 0;
		};
/* End PBXFrameworksBuildPhase section */

/* Begin PBXGroup section */
		D07214161C0EF0E7009E0DEA = {
			isa = PBXGroup;
			children = (
				D07214211C0EF0E7009E0DEA /* demo */,
				D07214201C0EF0E7009E0DEA /* Products */,
			);
			sourceTree = "<group>";
		};
		D07214201C0EF0E7009E0DEA /* Products */ = {
			isa = PBXGroup;
			children = (
				D072141F1C0EF0E7009E0DEA /* demo.app */,
			);
			name = Products;
			sourceTree = "<group>";
		};
		D07214211C0EF0E7009E0DEA /* demo */ = {
			isa = PBXGroup;
			children = (
				D07214221C0EF0E7009E0DEA /* AppDelegate.swift */,
				D07214241C0EF0E7009E0DEA /* ViewController.swift */,
				D07214261C0EF0E7009E0DEA /* Main.storyboard */,
				D07214291C0EF0E7009E0DEA /* Assets.xcassets */,
				D072142B1C0EF0E7009E0DEA /* LaunchScreen.storyboard */,
				D072142E1C0EF0E7009E0DEA /* Info.plist */,
			);
			path = demo;
			sourceTree = "<group>";
		};
/* End PBXGroup section */

/* Begin PBXNativeTarget section */
		D072141E1C0EF0E7009E0DEA /* demo */ = {
			isa = PBXNativeTarget;
			buildConfigurationList = D07214311C0EF0E7009E0DEA /* Build configuration list for PBXNativeTarget "demo" */;
			buildPhases = (
				D072141B1C0EF0E7009E0DEA /* Sources */,
				D072141C1C0EF0E7009E0DEA /* Frameworks */,
				D072141D1C0EF0E7009E0DEA /* Resources */,
				D0EBCC021C103E0500A0787B /* ShellScript */,
			);
			buildRules = (
			);
			dependencies = (
			);
			name = demo;
			productName = demo;
			productReference = D072141F1C0EF0E7009E0DEA /* demo.app */;
			productType = "com.apple.product-type.application";
		};
/* End PBXNativeTarget section */

/* Begin PBXProject section */
		D07214171C0EF0E7009E0DEA /* Project object */ = {
			isa = PBXProject;
			attributes = {
				LastSwiftUpdateCheck = 0710;
				LastUpgradeCheck = 0710;
				ORGANIZATIONNAME = starboychina;
				TargetAttributes = {
					D072141E1C0EF0E7009E0DEA = {
						CreatedOnToolsVersion = 7.1.1;
						DevelopmentTeam = 6P96PVYDRL;
						LastSwiftMigration = 0800;
					};
				};
			};
			buildConfigurationList = D072141A1C0EF0E7009E0DEA /* Build configuration list for PBXProject "carthage" */;
			compatibilityVersion = "Xcode 3.2";
			developmentRegion = English;
			hasScannedForEncodings = 0;
			knownRegions = (
				en,
				Base,
			);
			mainGroup = D07214161C0EF0E7009E0DEA;
			productRefGroup = D07214201C0EF0E7009E0DEA /* Products */;
			projectDirPath = "";
			projectRoot = "";
			targets = (
				D072141E1C0EF0E7009E0DEA /* demo */,
			);
		};
/* End PBXProject section */

/* Begin PBXResourcesBuildPhase section */
		D072141D1C0EF0E7009E0DEA /* Resources */ = {
			isa = PBXResourcesBuildPhase;
			buildActionMask = 2147483647;
			files = (
				D072142D1C0EF0E7009E0DEA /* LaunchScreen.storyboard in Resources */,
				D072142A1C0EF0E7009E0DEA /* Assets.xcassets in Resources */,
				D07214281C0EF0E7009E0DEA /* Main.storyboard in Resources */,
			);
			runOnlyForDeploymentPostprocessing = 0;
		};
/* End PBXResourcesBuildPhase section */

/* Begin PBXShellScriptBuildPhase section */
		D0EBCC021C103E0500A0787B /* ShellScript */ = {
			isa = PBXShellScriptBuildPhase;
			buildActionMask = 2147483647;
			files = (
			);
			inputPaths = (
				"$(SRCROOT)/Carthage/Build/iOS/WechatKit.framework",
			);
			outputPaths = (
			);
			runOnlyForDeploymentPostprocessing = 0;
			shellPath = /bin/sh;
			shellScript = "/usr/local/bin/carthage copy-frameworks";
		};
/* End PBXShellScriptBuildPhase section */

/* Begin PBXSourcesBuildPhase section */
		D072141B1C0EF0E7009E0DEA /* Sources */ = {
			isa = PBXSourcesBuildPhase;
			buildActionMask = 2147483647;
			files = (
				D07214251C0EF0E7009E0DEA /* ViewController.swift in Sources */,
				D07214231C0EF0E7009E0DEA /* AppDelegate.swift in Sources */,
			);
			runOnlyForDeploymentPostprocessing = 0;
		};
/* End PBXSourcesBuildPhase section */

/* Begin PBXVariantGroup section */
		D07214261C0EF0E7009E0DEA /* Main.storyboard */ = {
			isa = PBXVariantGroup;
			children = (
				D07214271C0EF0E7009E0DEA /* Base */,
			);
			name = Main.storyboard;
			sourceTree = "<group>";
		};
		D072142B1C0EF0E7009E0DEA /* LaunchScreen.storyboard */ = {
			isa = PBXVariantGroup;
			children = (
				D072142C1C0EF0E7009E0DEA /* Base */,
			);
			name = LaunchScreen.storyboard;
			sourceTree = "<group>";
		};
/* End PBXVariantGroup section */

/* Begin XCBuildConfiguration section */
		D072142F1C0EF0E7009E0DEA /* Debug */ = {
			isa = XCBuildConfiguration;
			buildSettings = {
				ALWAYS_SEARCH_USER_PATHS = NO;
				CLANG_CXX_LANGUAGE_STANDARD = "gnu++0x";
				CLANG_CXX_LIBRARY = "libc++";
				CLANG_ENABLE_MODULES = YES;
				CLANG_ENABLE_OBJC_ARC = YES;
				CLANG_WARN_BOOL_CONVERSION = YES;
				CLANG_WARN_CONSTANT_CONVERSION = YES;
				CLANG_WARN_DIRECT_OBJC_ISA_USAGE = YES_ERROR;
				CLANG_WARN_EMPTY_BODY = YES;
				CLANG_WARN_ENUM_CONVERSION = YES;
				CLANG_WARN_INT_CONVERSION = YES;
				CLANG_WARN_OBJC_ROOT_CLASS = YES_ERROR;
				CLANG_WARN_UNREACHABLE_CODE = YES;
				CLANG_WARN__DUPLICATE_METHOD_MATCH = YES;
				"CODE_SIGN_IDENTITY[sdk=iphoneos*]" = "iPhone Developer";
				COPY_PHASE_STRIP = NO;
				DEBUG_INFORMATION_FORMAT = dwarf;
				ENABLE_STRICT_OBJC_MSGSEND = YES;
				ENABLE_TESTABILITY = YES;
				GCC_C_LANGUAGE_STANDARD = gnu99;
				GCC_DYNAMIC_NO_PIC = NO;
				GCC_NO_COMMON_BLOCKS = YES;
				GCC_OPTIMIZATION_LEVEL = 0;
				GCC_PREPROCESSOR_DEFINITIONS = (
					"DEBUG=1",
					"$(inherited)",
				);
				GCC_WARN_64_TO_32_BIT_CONVERSION = YES;
				GCC_WARN_ABOUT_RETURN_TYPE = YES_ERROR;
				GCC_WARN_UNDECLARED_SELECTOR = YES;
				GCC_WARN_UNINITIALIZED_AUTOS = YES_AGGRESSIVE;
				GCC_WARN_UNUSED_FUNCTION = YES;
				GCC_WARN_UNUSED_VARIABLE = YES;
				IPHONEOS_DEPLOYMENT_TARGET = 8.0;
				MTL_ENABLE_DEBUG_INFO = YES;
				ONLY_ACTIVE_ARCH = YES;
				SDKROOT = iphoneos;
				SWIFT_OPTIMIZATION_LEVEL = "-Onone";
			};
			name = Debug;
		};
		D07214301C0EF0E7009E0DEA /* Release */ = {
			isa = XCBuildConfiguration;
			buildSettings = {
				ALWAYS_SEARCH_USER_PATHS = NO;
				CLANG_CXX_LANGUAGE_STANDARD = "gnu++0x";
				CLANG_CXX_LIBRARY = "libc++";
				CLANG_ENABLE_MODULES = YES;
				CLANG_ENABLE_OBJC_ARC = YES;
				CLANG_WARN_BOOL_CONVERSION = YES;
				CLANG_WARN_CONSTANT_CONVERSION = YES;
				CLANG_WARN_DIRECT_OBJC_ISA_USAGE = YES_ERROR;
				CLANG_WARN_EMPTY_BODY = YES;
				CLANG_WARN_ENUM_CONVERSION = YES;
				CLANG_WARN_INT_CONVERSION = YES;
				CLANG_WARN_OBJC_ROOT_CLASS = YES_ERROR;
				CLANG_WARN_UNREACHABLE_CODE = YES;
				CLANG_WARN__DUPLICATE_METHOD_MATCH = YES;
				"CODE_SIGN_IDENTITY[sdk=iphoneos*]" = "iPhone Developer";
				COPY_PHASE_STRIP = NO;
				DEBUG_INFORMATION_FORMAT = "dwarf-with-dsym";
				ENABLE_NS_ASSERTIONS = NO;
				ENABLE_STRICT_OBJC_MSGSEND = YES;
				GCC_C_LANGUAGE_STANDARD = gnu99;
				GCC_NO_COMMON_BLOCKS = YES;
				GCC_WARN_64_TO_32_BIT_CONVERSION = YES;
				GCC_WARN_ABOUT_RETURN_TYPE = YES_ERROR;
				GCC_WARN_UNDECLARED_SELECTOR = YES;
				GCC_WARN_UNINITIALIZED_AUTOS = YES_AGGRESSIVE;
				GCC_WARN_UNUSED_FUNCTION = YES;
				GCC_WARN_UNUSED_VARIABLE = YES;
				IPHONEOS_DEPLOYMENT_TARGET = 8.0;
				MTL_ENABLE_DEBUG_INFO = NO;
				SDKROOT = iphoneos;
				VALIDATE_PRODUCT = YES;
			};
			name = Release;
		};
		D07214321C0EF0E7009E0DEA /* Debug */ = {
			isa = XCBuildConfiguration;
			buildSettings = {
				ASSETCATALOG_COMPILER_APPICON_NAME = AppIcon;
				CODE_SIGN_IDENTITY = "";
				"CODE_SIGN_IDENTITY[sdk=iphoneos*]" = "iPhone Developer";
				DEVELOPMENT_TEAM = 6P96PVYDRL;
				FRAMEWORK_SEARCH_PATHS = (
					"$(inherited)",
					"$(PROJECT_DIR)",
					"$(SRCROOT)/Carthage/Build/iOS",
				);
				INFOPLIST_FILE = demo/Info.plist;
				LD_RUNPATH_SEARCH_PATHS = "$(inherited) @executable_path/Frameworks";
				PRODUCT_BUNDLE_IDENTIFIER = "jp.co.e-business.demo";
				PRODUCT_NAME = "$(TARGET_NAME)";
				SWIFT_VERSION = 3.0;
			};
			name = Debug;
		};
		D07214331C0EF0E7009E0DEA /* Release */ = {
			isa = XCBuildConfiguration;
			buildSettings = {
				ASSETCATALOG_COMPILER_APPICON_NAME = AppIcon;
				"CODE_SIGN_IDENTITY[sdk=iphoneos*]" = "iPhone Distribution";
				DEVELOPMENT_TEAM = 6P96PVYDRL;
				FRAMEWORK_SEARCH_PATHS = (
					"$(inherited)",
					"$(PROJECT_DIR)",
					"$(SRCROOT)/Carthage/Build/iOS",
				);
				INFOPLIST_FILE = demo/Info.plist;
				LD_RUNPATH_SEARCH_PATHS = "$(inherited) @executable_path/Frameworks";
				PRODUCT_BUNDLE_IDENTIFIER = "jp.co.e-business.demo";
				PRODUCT_NAME = "$(TARGET_NAME)";
				SWIFT_VERSION = 3.0;
			};
			name = Release;
		};
/* End XCBuildConfiguration section */

/* Begin XCConfigurationList section */
		D072141A1C0EF0E7009E0DEA /* Build configuration list for PBXProject "carthage" */ = {
			isa = XCConfigurationList;
			buildConfigurations = (
				D072142F1C0EF0E7009E0DEA /* Debug */,
				D07214301C0EF0E7009E0DEA /* Release */,
			);
			defaultConfigurationIsVisible = 0;
			defaultConfigurationName = Release;
		};
		D07214311C0EF0E7009E0DEA /* Build configuration list for PBXNativeTarget "demo" */ = {
			isa = XCConfigurationList;
			buildConfigurations = (
				D07214321C0EF0E7009E0DEA /* Debug */,
				D07214331C0EF0E7009E0DEA /* Release */,
			);
			defaultConfigurationIsVisible = 0;
			defaultConfigurationName = Release;
		};
/* End XCConfigurationList section */
	};
	rootObject = D07214171C0EF0E7009E0DEA /* Project object */;
}
