// !$*UTF8*$!
{
	archiveVersion = 1;
	classes = {
	};
	objectVersion = 46;
	objects = {

/* Begin PBXBuildFile section */
		05B02E67348B6077CF1B2930 /* Pods_pod.framework in Frameworks */ = {isa = PBXBuildFile; fileRef = E7BC31F1107CD419E1568993 /* Pods_pod.framework */; };
		D02165451C1927AA004F15C4 /* AppDelegate.swift in Sources */ = {isa = PBXBuildFile; fileRef = D02165441C1927AA004F15C4 /* AppDelegate.swift */; };
		D02165471C1927AA004F15C4 /* ViewController.swift in Sources */ = {isa = PBXBuildFile; fileRef = D02165461C1927AA004F15C4 /* ViewController.swift */; };
		D021654A1C1927AA004F15C4 /* Main.storyboard in Resources */ = {isa = PBXBuildFile; fileRef = D02165481C1927AA004F15C4 /* Main.storyboard */; };
		D021654C1C1927AA004F15C4 /* Assets.xcassets in Resources */ = {isa = PBXBuildFile; fileRef = D021654B1C1927AA004F15C4 /* Assets.xcassets */; };
		D021654F1C1927AA004F15C4 /* LaunchScreen.storyboard in Resources */ = {isa = PBXBuildFile; fileRef = D021654D1C1927AA004F15C4 /* LaunchScreen.storyboard */; };
/* End PBXBuildFile section */

/* Begin PBXFileReference section */
		A189F5DF40A9C2512B2FAEDE /* Pods-pod.release.xcconfig */ = {isa = PBXFileReference; includeInIndex = 1; lastKnownFileType = text.xcconfig; name = "Pods-pod.release.xcconfig"; path = "Pods/Target Support Files/Pods-pod/Pods-pod.release.xcconfig"; sourceTree = "<group>"; };
		C6FEC27F5047DF18FFD6428B /* Pods-pod.debug.xcconfig */ = {isa = PBXFileReference; includeInIndex = 1; lastKnownFileType = text.xcconfig; name = "Pods-pod.debug.xcconfig"; path = "Pods/Target Support Files/Pods-pod/Pods-pod.debug.xcconfig"; sourceTree = "<group>"; };
		D02165411C1927AA004F15C4 /* pod.app */ = {isa = PBXFileReference; explicitFileType = wrapper.application; includeInIndex = 0; path = pod.app; sourceTree = BUILT_PRODUCTS_DIR; };
		D02165441C1927AA004F15C4 /* AppDelegate.swift */ = {isa = PBXFileReference; lastKnownFileType = sourcecode.swift; name = AppDelegate.swift; path = demo/AppDelegate.swift; sourceTree = SOURCE_ROOT; };
		D02165461C1927AA004F15C4 /* ViewController.swift */ = {isa = PBXFileReference; lastKnownFileType = sourcecode.swift; name = ViewController.swift; path = demo/ViewController.swift; sourceTree = SOURCE_ROOT; };
		D02165491C1927AA004F15C4 /* Base */ = {isa = PBXFileReference; lastKnownFileType = file.storyboard; name = Base; path = demo/Base.lproj/Main.storyboard; sourceTree = "<group>"; };
		D021654B1C1927AA004F15C4 /* Assets.xcassets */ = {isa = PBXFileReference; lastKnownFileType = folder.assetcatalog; name = Assets.xcassets; path = demo/Assets.xcassets; sourceTree = SOURCE_ROOT; };
		D021654E1C1927AA004F15C4 /* Base */ = {isa = PBXFileReference; lastKnownFileType = file.storyboard; name = Base; path = demo/Base.lproj/LaunchScreen.storyboard; sourceTree = "<group>"; };
		D02165501C1927AA004F15C4 /* Info.plist */ = {isa = PBXFileReference; lastKnownFileType = text.plist.xml; name = Info.plist; path = demo/Info.plist; sourceTree = SOURCE_ROOT; };
		E7BC31F1107CD419E1568993 /* Pods_pod.framework */ = {isa = PBXFileReference; explicitFileType = wrapper.framework; includeInIndex = 0; path = Pods_pod.framework; sourceTree = BUILT_PRODUCTS_DIR; };
/* End PBXFileReference section */

/* Begin PBXFrameworksBuildPhase section */
		D021653E1C1927AA004F15C4 /* Frameworks */ = {
			isa = PBXFrameworksBuildPhase;
			buildActionMask = 2147483647;
			files = (
				05B02E67348B6077CF1B2930 /* Pods_pod.framework in Frameworks */,
			);
			runOnlyForDeploymentPostprocessing = 0;
		};
/* End PBXFrameworksBuildPhase section */

/* Begin PBXGroup section */
		57E16B5943CBC7E93669F9C9 /* Frameworks */ = {
			isa = PBXGroup;
			children = (
				E7BC31F1107CD419E1568993 /* Pods_pod.framework */,
			);
			name = Frameworks;
			sourceTree = "<group>";
		};
		D02165381C1927AA004F15C4 = {
			isa = PBXGroup;
			children = (
				D02165431C1927AA004F15C4 /* pod */,
				D02165421C1927AA004F15C4 /* Products */,
				E22FB527549FA179C570E1B7 /* Pods */,
				57E16B5943CBC7E93669F9C9 /* Frameworks */,
			);
			sourceTree = "<group>";
		};
		D02165421C1927AA004F15C4 /* Products */ = {
			isa = PBXGroup;
			children = (
				D02165411C1927AA004F15C4 /* pod.app */,
			);
			name = Products;
			sourceTree = "<group>";
		};
		D02165431C1927AA004F15C4 /* pod */ = {
			isa = PBXGroup;
			children = (
				D02165441C1927AA004F15C4 /* AppDelegate.swift */,
				D02165461C1927AA004F15C4 /* ViewController.swift */,
				D02165481C1927AA004F15C4 /* Main.storyboard */,
				D021654B1C1927AA004F15C4 /* Assets.xcassets */,
				D021654D1C1927AA004F15C4 /* LaunchScreen.storyboard */,
				D02165501C1927AA004F15C4 /* Info.plist */,
			);
			path = pod;
			sourceTree = "<group>";
		};
		E22FB527549FA179C570E1B7 /* Pods */ = {
			isa = PBXGroup;
			children = (
				C6FEC27F5047DF18FFD6428B /* Pods-pod.debug.xcconfig */,
				A189F5DF40A9C2512B2FAEDE /* Pods-pod.release.xcconfig */,
			);
			name = Pods;
			sourceTree = "<group>";
		};
/* End PBXGroup section */

/* Begin PBXNativeTarget section */
		D02165401C1927AA004F15C4 /* pod */ = {
			isa = PBXNativeTarget;
			buildConfigurationList = D02165531C1927AA004F15C4 /* Build configuration list for PBXNativeTarget "pod" */;
			buildPhases = (
				5CDA6865CCC20D9E5561581E /* [CP] Check Pods Manifest.lock */,
				D021653D1C1927AA004F15C4 /* Sources */,
				D021653E1C1927AA004F15C4 /* Frameworks */,
				D021653F1C1927AA004F15C4 /* Resources */,
				E1DC97E9C333825C2EB61ECF /* [CP] Embed Pods Frameworks */,
				021A2DD3763D28F1B74FC3A1 /* [CP] Copy Pods Resources */,
			);
			buildRules = (
			);
			dependencies = (
			);
			name = pod;
			productName = pod;
			productReference = D02165411C1927AA004F15C4 /* pod.app */;
			productType = "com.apple.product-type.application";
		};
/* End PBXNativeTarget section */

/* Begin PBXProject section */
		D02165391C1927AA004F15C4 /* Project object */ = {
			isa = PBXProject;
			attributes = {
				LastSwiftUpdateCheck = 0720;
				LastUpgradeCheck = 0800;
				ORGANIZATIONNAME = starboychina;
				TargetAttributes = {
					D02165401C1927AA004F15C4 = {
						CreatedOnToolsVersion = 7.2;
						DevelopmentTeam = PCL488N9Z6;
						LastSwiftMigration = 0800;
					};
				};
			};
			buildConfigurationList = D021653C1C1927AA004F15C4 /* Build configuration list for PBXProject "pod" */;
			compatibilityVersion = "Xcode 3.2";
			developmentRegion = English;
			hasScannedForEncodings = 0;
			knownRegions = (
				en,
				Base,
			);
			mainGroup = D02165381C1927AA004F15C4;
			productRefGroup = D02165421C1927AA004F15C4 /* Products */;
			projectDirPath = "";
			projectRoot = "";
			targets = (
				D02165401C1927AA004F15C4 /* pod */,
			);
		};
/* End PBXProject section */

/* Begin PBXResourcesBuildPhase section */
		D021653F1C1927AA004F15C4 /* Resources */ = {
			isa = PBXResourcesBuildPhase;
			buildActionMask = 2147483647;
			files = (
				D021654F1C1927AA004F15C4 /* LaunchScreen.storyboard in Resources */,
				D021654C1C1927AA004F15C4 /* Assets.xcassets in Resources */,
				D021654A1C1927AA004F15C4 /* Main.storyboard in Resources */,
			);
			runOnlyForDeploymentPostprocessing = 0;
		};
/* End PBXResourcesBuildPhase section */

/* Begin PBXShellScriptBuildPhase section */
		021A2DD3763D28F1B74FC3A1 /* [CP] Copy Pods Resources */ = {
			isa = PBXShellScriptBuildPhase;
			buildActionMask = 2147483647;
			files = (
			);
			inputPaths = (
			);
			name = "[CP] Copy Pods Resources";
			outputPaths = (
			);
			runOnlyForDeploymentPostprocessing = 0;
			shellPath = /bin/sh;
			shellScript = "\"${SRCROOT}/Pods/Target Support Files/Pods-pod/Pods-pod-resources.sh\"\n";
			showEnvVarsInLog = 0;
		};
		5CDA6865CCC20D9E5561581E /* [CP] Check Pods Manifest.lock */ = {
			isa = PBXShellScriptBuildPhase;
			buildActionMask = 2147483647;
			files = (
			);
			inputPaths = (
			);
			name = "[CP] Check Pods Manifest.lock";
			outputPaths = (
			);
			runOnlyForDeploymentPostprocessing = 0;
			shellPath = /bin/sh;
			shellScript = "diff \"${PODS_PODFILE_DIR_PATH}/Podfile.lock\" \"${PODS_ROOT}/Manifest.lock\" > /dev/null\nif [ $? != 0 ] ; then\n    # print error to STDERR\n    echo \"error: The sandbox is not in sync with the Podfile.lock. Run 'pod install' or update your CocoaPods installation.\" >&2\n    exit 1\nfi\n";
			showEnvVarsInLog = 0;
		};
		E1DC97E9C333825C2EB61ECF /* [CP] Embed Pods Frameworks */ = {
			isa = PBXShellScriptBuildPhase;
			buildActionMask = 2147483647;
			files = (
			);
			inputPaths = (
			);
			name = "[CP] Embed Pods Frameworks";
			outputPaths = (
			);
			runOnlyForDeploymentPostprocessing = 0;
			shellPath = /bin/sh;
			shellScript = "\"${SRCROOT}/Pods/Target Support Files/Pods-pod/Pods-pod-frameworks.sh\"\n";
			showEnvVarsInLog = 0;
		};
/* End PBXShellScriptBuildPhase section */

/* Begin PBXSourcesBuildPhase section */
		D021653D1C1927AA004F15C4 /* Sources */ = {
			isa = PBXSourcesBuildPhase;
			buildActionMask = 2147483647;
			files = (
				D02165471C1927AA004F15C4 /* ViewController.swift in Sources */,
				D02165451C1927AA004F15C4 /* AppDelegate.swift in Sources */,
			);
			runOnlyForDeploymentPostprocessing = 0;
		};
/* End PBXSourcesBuildPhase section */

/* Begin PBXVariantGroup section */
		D02165481C1927AA004F15C4 /* Main.storyboard */ = {
			isa = PBXVariantGroup;
			children = (
				D02165491C1927AA004F15C4 /* Base */,
			);
			name = Main.storyboard;
			sourceTree = SOURCE_ROOT;
		};
		D021654D1C1927AA004F15C4 /* LaunchScreen.storyboard */ = {
			isa = PBXVariantGroup;
			children = (
				D021654E1C1927AA004F15C4 /* Base */,
			);
			name = LaunchScreen.storyboard;
			sourceTree = SOURCE_ROOT;
		};
/* End PBXVariantGroup section */

/* Begin XCBuildConfiguration section */
		D02165511C1927AA004F15C4 /* Debug */ = {
			isa = XCBuildConfiguration;
			buildSettings = {
				ALWAYS_SEARCH_USER_PATHS = NO;
				CLANG_CXX_LANGUAGE_STANDARD = "gnu++0x";
				CLANG_CXX_LIBRARY = "libc++";
				CLANG_ENABLE_MODULES = YES;
				CLANG_ENABLE_OBJC_ARC = YES;
				CLANG_WARN_BOOL_CONVERSION = YES;
				CLANG_WARN_CONSTANT_CONVERSION = YES;
				CLANG_WARN_DIRECT_OBJC_ISA_USAGE = YES_ERROR;
				CLANG_WARN_EMPTY_BODY = YES;
				CLANG_WARN_ENUM_CONVERSION = YES;
				CLANG_WARN_INFINITE_RECURSION = YES;
				CLANG_WARN_INT_CONVERSION = YES;
				CLANG_WARN_OBJC_ROOT_CLASS = YES_ERROR;
				CLANG_WARN_SUSPICIOUS_MOVE = YES;
				CLANG_WARN_UNREACHABLE_CODE = YES;
				CLANG_WARN__DUPLICATE_METHOD_MATCH = YES;
				"CODE_SIGN_IDENTITY[sdk=iphoneos*]" = "iPhone Developer";
				COPY_PHASE_STRIP = NO;
				DEBUG_INFORMATION_FORMAT = dwarf;
				ENABLE_STRICT_OBJC_MSGSEND = YES;
				ENABLE_TESTABILITY = YES;
				GCC_C_LANGUAGE_STANDARD = gnu99;
				GCC_DYNAMIC_NO_PIC = NO;
				GCC_NO_COMMON_BLOCKS = YES;
				GCC_OPTIMIZATION_LEVEL = 0;
				GCC_PREPROCESSOR_DEFINITIONS = (
					"DEBUG=1",
					"$(inherited)",
				);
				GCC_WARN_64_TO_32_BIT_CONVERSION = YES;
				GCC_WARN_ABOUT_RETURN_TYPE = YES_ERROR;
				GCC_WARN_UNDECLARED_SELECTOR = YES;
				GCC_WARN_UNINITIALIZED_AUTOS = YES_AGGRESSIVE;
				GCC_WARN_UNUSED_FUNCTION = YES;
				GCC_WARN_UNUSED_VARIABLE = YES;
				IPHONEOS_DEPLOYMENT_TARGET = 8.0;
				MTL_ENABLE_DEBUG_INFO = YES;
				ONLY_ACTIVE_ARCH = YES;
				SDKROOT = iphoneos;
				SWIFT_OPTIMIZATION_LEVEL = "-Onone";
			};
			name = Debug;
		};
		D02165521C1927AA004F15C4 /* Release */ = {
			isa = XCBuildConfiguration;
			buildSettings = {
				ALWAYS_SEARCH_USER_PATHS = NO;
				CLANG_CXX_LANGUAGE_STANDARD = "gnu++0x";
				CLANG_CXX_LIBRARY = "libc++";
				CLANG_ENABLE_MODULES = YES;
				CLANG_ENABLE_OBJC_ARC = YES;
				CLANG_WARN_BOOL_CONVERSION = YES;
				CLANG_WARN_CONSTANT_CONVERSION = YES;
				CLANG_WARN_DIRECT_OBJC_ISA_USAGE = YES_ERROR;
				CLANG_WARN_EMPTY_BODY = YES;
				CLANG_WARN_ENUM_CONVERSION = YES;
				CLANG_WARN_INFINITE_RECURSION = YES;
				CLANG_WARN_INT_CONVERSION = YES;
				CLANG_WARN_OBJC_ROOT_CLASS = YES_ERROR;
				CLANG_WARN_SUSPICIOUS_MOVE = YES;
				CLANG_WARN_UNREACHABLE_CODE = YES;
				CLANG_WARN__DUPLICATE_METHOD_MATCH = YES;
				"CODE_SIGN_IDENTITY[sdk=iphoneos*]" = "iPhone Developer";
				COPY_PHASE_STRIP = NO;
				DEBUG_INFORMATION_FORMAT = "dwarf-with-dsym";
				ENABLE_NS_ASSERTIONS = NO;
				ENABLE_STRICT_OBJC_MSGSEND = YES;
				GCC_C_LANGUAGE_STANDARD = gnu99;
				GCC_NO_COMMON_BLOCKS = YES;
				GCC_WARN_64_TO_32_BIT_CONVERSION = YES;
				GCC_WARN_ABOUT_RETURN_TYPE = YES_ERROR;
				GCC_WARN_UNDECLARED_SELECTOR = YES;
				GCC_WARN_UNINITIALIZED_AUTOS = YES_AGGRESSIVE;
				GCC_WARN_UNUSED_FUNCTION = YES;
				GCC_WARN_UNUSED_VARIABLE = YES;
				IPHONEOS_DEPLOYMENT_TARGET = 8.0;
				MTL_ENABLE_DEBUG_INFO = NO;
				SDKROOT = iphoneos;
				SWIFT_OPTIMIZATION_LEVEL = "-Owholemodule";
				VALIDATE_PRODUCT = YES;
			};
			name = Release;
		};
		D02165541C1927AA004F15C4 /* Debug */ = {
			isa = XCBuildConfiguration;
			baseConfigurationReference = C6FEC27F5047DF18FFD6428B /* Pods-pod.debug.xcconfig */;
			buildSettings = {
				ALWAYS_EMBED_SWIFT_STANDARD_LIBRARIES = YES;
				ASSETCATALOG_COMPILER_APPICON_NAME = AppIcon;
				DEVELOPMENT_TEAM = PCL488N9Z6;
				INFOPLIST_FILE = "$(SRCROOT)/demo/Info.plist";
				LD_RUNPATH_SEARCH_PATHS = "$(inherited) @executable_path/Frameworks";
				PRODUCT_BUNDLE_IDENTIFIER = "jp.co.e-business.pod";
				PRODUCT_NAME = "$(TARGET_NAME)";
				SWIFT_VERSION = 3.0;
			};
			name = Debug;
		};
		D02165551C1927AA004F15C4 /* Release */ = {
			isa = XCBuildConfiguration;
			baseConfigurationReference = A189F5DF40A9C2512B2FAEDE /* Pods-pod.release.xcconfig */;
			buildSettings = {
				ALWAYS_EMBED_SWIFT_STANDARD_LIBRARIES = YES;
				ASSETCATALOG_COMPILER_APPICON_NAME = AppIcon;
				DEVELOPMENT_TEAM = PCL488N9Z6;
				INFOPLIST_FILE = "$(SRCROOT)/demo/Info.plist";
				LD_RUNPATH_SEARCH_PATHS = "$(inherited) @executable_path/Frameworks";
				PRODUCT_BUNDLE_IDENTIFIER = "jp.co.e-business.pod";
				PRODUCT_NAME = "$(TARGET_NAME)";
				SWIFT_VERSION = 3.0;
			};
			name = Release;
		};
/* End XCBuildConfiguration section */

/* Begin XCConfigurationList section */
		D021653C1C1927AA004F15C4 /* Build configuration list for PBXProject "pod" */ = {
			isa = XCConfigurationList;
			buildConfigurations = (
				D02165511C1927AA004F15C4 /* Debug */,
				D02165521C1927AA004F15C4 /* Release */,
			);
			defaultConfigurationIsVisible = 0;
			defaultConfigurationName = Release;
		};
		D02165531C1927AA004F15C4 /* Build configuration list for PBXNativeTarget "pod" */ = {
			isa = XCConfigurationList;
			buildConfigurations = (
				D02165541C1927AA004F15C4 /* Debug */,
				D02165551C1927AA004F15C4 /* Release */,
			);
			defaultConfigurationIsVisible = 0;
			defaultConfigurationName = Release;
		};
/* End XCConfigurationList section */
	};
	rootObject = D02165391C1927AA004F15C4 /* Project object */;
}
