PODS:
  - Alamofire (3.2.0)
  - WechatKit (0.1.0):
    - Alamofire (~> 3.0)

DEPENDENCIES:
  - WechatKit

SPEC CHECKSUMS:
  Alamofire: 4da478599fccddff361205c8929333d7fe18dceb
  WechatKit: 0bd05cbd3195114db1699da5462989d8c9e0b5e1

PODFILE CHECKSUM: 0c33d71430bc5d45278724c8110f7440ce0ab156

COCOAPODS: 1.0.0.beta.3
